// !$*UTF8*$!
{
	archiveVersion = 1;
	classes = {
	};
	objectVersion = 56;
	objects = {

/* Begin PBXBuildFile section */
		9D414A1B775041BEA71A5CAFC756CD15 /* UptimeMonitorApp.swift in Sources */ = {isa = PBXBuildFile; fileRef = 829A38F3EC3343749FAFF54595C04D47 /* UptimeMonitorApp.swift */; };
/* End PBXBuildFile section */

/* Begin PBXFileReference section */
		829A38F3EC3343749FAFF54595C04D47 /* UptimeMonitorApp.swift */ = {isa = PBXFileReference; lastKnownFileType = sourcecode.swift; path = UptimeMonitorApp.swift; sourceTree = "<group>"; };
		82FAD366A02645D7BCF79304B220F7EA /* UptimeMonitor.app */ = {isa = PBXFileReference; explicitFileType = wrapper.application; includeInIndex = 0; path = UptimeMonitor.app; sourceTree = BUILT_PRODUCTS_DIR; };
/* End PBXFileReference section */

/* Begin PBXGroup section */
		829A38F3EC3343749FAFF54595C04D47 = {
			isa = PBXGroup;
			children = (
				829A38F3EC3343749FAFF54595C04D47 /* UptimeMonitorApp.swift */,
			);
			path = UptimeMonitor;
			sourceTree = "<group>";
		};
		82FAD366A02645D7BCF79304B220F7EA = {
			isa = PBXGroup;
			children = (
				829A38F3EC3343749FAFF54595C04D47,
			);
			sourceTree = "<group>";
		};
/* End PBXGroup section */

/* Begin PBXNativeTarget section */
		9D414A1B775041BEA71A5CAFC756CD15 /* UptimeMonitor */ = {
			isa = PBXNativeTarget;
			buildConfigurationList = 9D414A1B775041BEA71A5CAFC756CD15 /* Build configuration list for PBXNativeTarget "UptimeMonitor" */;
			buildPhases = (
				9D414A1B775041BEA71A5CAFC756CD15 /* Sources */,
			);
			buildRules = (
			);
			dependencies = (
			);
			name = UptimeMonitor;
			productName = UptimeMonitor;
			productReference = 82FAD366A02645D7BCF79304B220F7EA /* UptimeMonitor.app */;
			productType = "com.apple.product-type.application";
		};
/* End PBXNativeTarget section */

/* Begin PBXProject section */
		82FAD366A02645D7BCF79304B220F7EA /* Project object */ = {
			isa = PBXProject;
			attributes = {
				BuildIndependentTargetsInParallel = 1;
				LastSwiftUpdateCheck = 1500;
				LastUpgradeCheck = 1500;
			};
			buildConfigurationList = 82FAD366A02645D7BCF79304B220F7EA /* Build configuration list for PBXProject "UptimeMonitor" */;
			compatibilityVersion = "Xcode 14.0";
			developmentRegion = en;
			hasScannedForEncodings = 0;
			knownRegions = (
				en,
				Base,
			);
			mainGroup = 82FAD366A02645D7BCF79304B220F7EA;
			productRefGroup = 82FAD366A02645D7BCF79304B220F7EA /* Products */;
			projectDirPath = "";
			projectRoot = "";
			targets = (
				9D414A1B775041BEA71A5CAFC756CD15 /* UptimeMonitor */,
			);
		};
/* End PBXProject section */

/* Begin PBXSourcesBuildPhase section */
		9D414A1B775041BEA71A5CAFC756CD15 /* Sources */ = {
			isa = PBXSourcesBuildPhase;
			buildActionMask = 2147483647;
			files = (
				9D414A1B775041BEA71A5CAFC756CD15 /* UptimeMonitorApp.swift in Sources */,
			);
			runOnlyForDeploymentPostprocessing = 0;
		};
/* End PBXSourcesBuildPhase section */

/* Begin XCBuildConfiguration section */
		82FAD366A02645D7BCF79304B220F7EA /* Debug */ = {
			isa = XCBuildConfiguration;
			buildSettings = {
				ALWAYS_SEARCH_USER_PATHS = NO;
				ASSETCATALOG_COMPILER_APPICON_NAME = AppIcon;
				ASSETCATALOG_COMPILER_GLOBAL_ACCENT_COLOR_NAME = AccentColor;
				CLANG_ANALYZER_NONNULL = YES;
				CLANG_ANALYZER_NUMBER_OBJECT_CONVERSION = YES_AGGRESSIVE;
				CLANG_CXX_LANGUAGE_STANDARD = "gnu++20";
				CLANG_ENABLE_MODULES = YES;
				CLANG_ENABLE_OBJC_ARC = YES;
				CLANG_ENABLE_OBJC_WEAK = YES;
				CLANG_WARN_BLOCK_CAPTURE_AUTORELEASING = YES;
				CLANG_WARN_BOOL_CONVERSION = YES;
				CLANG_WARN_COMMA = YES;
				CLANG_WARN_CONSTANT_CONVERSION = YES;
			ENABLE_HARDENED_RUNTIME = YES;
				ENABLE_PREVIEWS = YES;
				GCC_C_LANGUAGE_STANDARD = gnu11;
				INFOPLIST_FILE = UptimeMonitor/Info.plist;
				INFOPLIST_KEY_LSUIElement = YES;
				LD_RUNPATH_SEARCH_PATHS = (
					"$(inherited)",
					"@executable_path/../Frameworks",
				);
				MACOSX_DEPLOYMENT_TARGET = 13.0;
				MTL_ENABLE_DEBUG_INFO = INCLUDE_SOURCE;
				MTL_FAST_MATH = YES;
				PRODUCT_BUNDLE_IDENTIFIER = com.uptimemonitor.app;
				PRODUCT_NAME = "$(TARGET_NAME)";
				SDKROOT = macosx;
				SWIFT_EMIT_LOC_STRINGS = YES;
				SWIFT_VERSION = 5.0;
			};
			name = Debug;
		};
		82FAD366A02645D7BCF79304B220F7EA /* Release */ = {
			isa = XCBuildConfiguration;
			buildSettings = {
				ALWAYS_SEARCH_USER_PATHS = NO;
				ASSETCATALOG_COMPILER_APPICON_NAME = AppIcon;
				ASSETCATALOG_COMPILER_GLOBAL_ACCENT_COLOR_NAME = AccentColor;
				CLANG_ANALYZER_NONNULL = YES;
				CLANG_ANALYZER_NUMBER_OBJECT_CONVERSION = YES_AGGRESSIVE;
				CLANG_CXX_LANGUAGE_STANDARD = "gnu++20";
				CLANG_ENABLE_MODULES = YES;
				CLANG_ENABLE_OBJC_ARC = YES;
				CLANG_ENABLE_OBJC_WEAK = YES;
				CLANG_WARN_BLOCK_CAPTURE_AUTORELEASING = YES;
				CLANG_WARN_BOOL_CONVERSION = YES;
				CLANG_WARN_COMMA = YES;
				CLANG_WARN_CONSTANT_CONVERSION = YES;
				ENABLE_HARDENED_RUNTIME = YES;
				ENABLE_PREVIEWS = YES;
				GCC_C_LANGUAGE_STANDARD = gnu11;
				INFOPLIST_FILE = UptimeMonitor/Info.plist;
				INFOPLIST_KEY_LSUIElement = YES;
				LD_RUNPATH_SEARCH_PATHS = (
					"$(inherited)",
					"@executable_path/../Frameworks",
				);
				MACOSX_DEPLOYMENT_TARGET = 13.0;
				MTL_FAST_MATH = YES;
				PRODUCT_BUNDLE_IDENTIFIER = com.uptimemonitor.app;
				PRODUCT_NAME = "$(TARGET_NAME)";
				SDKROOT = macosx;
				SWIFT_EMIT_LOC_STRINGS = YES;
				SWIFT_VERSION = 5.0;
			};
			name = Release;
		};
		9D414A1B775041BEA71A5CAFC756CD15 /* Debug */ = {
			isa = XCBuildConfiguration;
			buildSettings = {
				CODE_SIGN_STYLE = Automatic;
				DEVELOPMENT_TEAM = "";
			};
			name = Debug;
		};
		9D414A1B775041BEA71A5CAFC756CD15 /* Release */ = {
			isa = XCBuildConfiguration;
			buildSettings = {
				CODE_SIGN_STYLE = Automatic;
				DEVELOPMENT_TEAM = "";
			};
			name = Release;
		};
/* End XCBuildConfiguration section */

/* Begin XCConfigurationList section */
		82FAD366A02645D7BCF79304B220F7EA /* Build configuration list for PBXProject "UptimeMonitor" */ = {
			isa = XCConfigurationList;
			buildConfigurations = (
				82FAD366A02645D7BCF79304B220F7EA /* Debug */,
				82FAD366A02645D7BCF79304B220F7EA /* Release */,
			);
			defaultConfigurationIsVisible = 0;
			defaultConfigurationName = Release;
		};
		9D414A1B775041BEA71A5CAFC756CD15 /* Build configuration list for PBXNativeTarget "UptimeMonitor" */ = {
			isa = XCConfigurationList;
			buildConfigurations = (
				9D414A1B775041BEA71A5CAFC756CD15 /* Debug */,
				9D414A1B775041BEA71A5CAFC756CD15 /* Release */,
			);
			defaultConfigurationIsVisible = 0;
			defaultConfigurationName = Release;
		};
/* End XCConfigurationList section */
	};
	rootObject = 82FAD366A02645D7BCF79304B220F7EA /* Project object */;
}
